
Microsoft Visual Studio Solution File, Format Version 12.00
# Visual Studio Version 17
VisualStudioVersion = 17.0.31903.59
MinimumVisualStudioVersion = 10.0.40219.1
Project("{9A19103F-16F7-4668-BE54-9A1E7A4F7556}") = "PreUni.StaffManagement.Core", "PreUni.StaffManagement.Core\PreUni.StaffManagement.Core.csproj", "{C4F4AB89-183E-4D1D-B5AD-6C66C4BFC217}"
EndProject
Project("{9A19103F-16F7-4668-BE54-9A1E7A4F7556}") = "PreUni.StaffManagement.Domain", "PreUni.StaffManagement.Domain\PreUni.StaffManagement.Domain.csproj", "{5BF1903D-D0AF-48F8-8BD9-0EF47AB54004}"
EndProject
Project("{9A19103F-16F7-4668-BE54-9A1E7A4F7556}") = "PreUni.StaffManagement.Infrastructure", "PreUni.StaffManagement.Infrastructure\PreUni.StaffManagement.Infrastructure.csproj", "{8F86CBF7-E230-4F63-BB5B-3F6D24FEDD20}"
EndProject
Project("{9A19103F-16F7-4668-BE54-9A1E7A4F7556}") = "PreUni.StaffManagement.Web", "PreUni.StaffManagement.Web\PreUni.StaffManagement.Web.csproj", "{C091B7D6-DF3B-4F17-B3AC-50F10EDA1E91}"
EndProject
Project("{9A19103F-16F7-4668-BE54-9A1E7A4F7556}") = "PreUni.StaffManagement.AdminWeb", "PreUni.StaffManagement.AdminWeb\PreUni.StaffManagement.AdminWeb.csproj", "{7B709EDC-FD43-4D01-AC58-685ABF6F5D9D}"
EndProject
Project("{9A19103F-16F7-4668-BE54-9A1E7A4F7556}") = "PreUni.StaffManagement.Database", "PreUni.StaffManagement.Database\PreUni.StaffManagement.Database.csproj", "{DEEE4C6B-FF8B-4C70-917B-9236979742B5}"
EndProject
Global
	GlobalSection(SolutionConfigurationPlatforms) = preSolution
		Debug|Any CPU = Debug|Any CPU
		Release|Any CPU = Release|Any CPU
	EndGlobalSection
	GlobalSection(ProjectConfigurationPlatforms) = postSolution
		{C4F4AB89-183E-4D1D-B5AD-6C66C4BFC217}.Debug|Any CPU.ActiveCfg = Debug|Any CPU
		{C4F4AB89-183E-4D1D-B5AD-6C66C4BFC217}.Debug|Any CPU.Build.0 = Debug|Any CPU
		{C4F4AB89-183E-4D1D-B5AD-6C66C4BFC217}.Release|Any CPU.ActiveCfg = Release|Any CPU
		{C4F4AB89-183E-4D1D-B5AD-6C66C4BFC217}.Release|Any CPU.Build.0 = Release|Any CPU
		{5BF1903D-D0AF-48F8-8BD9-0EF47AB54004}.Debug|Any CPU.ActiveCfg = Debug|Any CPU
		{5BF1903D-D0AF-48F8-8BD9-0EF47AB54004}.Debug|Any CPU.Build.0 = Debug|Any CPU
		{5BF1903D-D0AF-48F8-8BD9-0EF47AB54004}.Release|Any CPU.ActiveCfg = Release|Any CPU
		{5BF1903D-D0AF-48F8-8BD9-0EF47AB54004}.Release|Any CPU.Build.0 = Release|Any CPU
		{8F86CBF7-E230-4F63-BB5B-3F6D24FEDD20}.Debug|Any CPU.ActiveCfg = Debug|Any CPU
		{8F86CBF7-E230-4F63-BB5B-3F6D24FEDD20}.Debug|Any CPU.Build.0 = Debug|Any CPU
		{8F86CBF7-E230-4F63-BB5B-3F6D24FEDD20}.Release|Any CPU.ActiveCfg = Release|Any CPU
		{8F86CBF7-E230-4F63-BB5B-3F6D24FEDD20}.Release|Any CPU.Build.0 = Release|Any CPU
		{C091B7D6-DF3B-4F17-B3AC-50F10EDA1E91}.Debug|Any CPU.ActiveCfg = Debug|Any CPU
		{C091B7D6-DF3B-4F17-B3AC-50F10EDA1E91}.Debug|Any CPU.Build.0 = Debug|Any CPU
		{C091B7D6-DF3B-4F17-B3AC-50F10EDA1E91}.Release|Any CPU.ActiveCfg = Release|Any CPU
		{C091B7D6-DF3B-4F17-B3AC-50F10EDA1E91}.Release|Any CPU.Build.0 = Release|Any CPU
		{7B709EDC-FD43-4D01-AC58-685ABF6F5D9D}.Debug|Any CPU.ActiveCfg = Debug|Any CPU
		{7B709EDC-FD43-4D01-AC58-685ABF6F5D9D}.Debug|Any CPU.Build.0 = Debug|Any CPU
		{7B709EDC-FD43-4D01-AC58-685ABF6F5D9D}.Release|Any CPU.ActiveCfg = Release|Any CPU
		{7B709EDC-FD43-4D01-AC58-685ABF6F5D9D}.Release|Any CPU.Build.0 = Release|Any CPU
		{DEEE4C6B-FF8B-4C70-917B-9236979742B5}.Debug|Any CPU.ActiveCfg = Debug|Any CPU
		{DEEE4C6B-FF8B-4C70-917B-9236979742B5}.Debug|Any CPU.Build.0 = Debug|Any CPU
		{DEEE4C6B-FF8B-4C70-917B-9236979742B5}.Release|Any CPU.ActiveCfg = Release|Any CPU
		{DEEE4C6B-FF8B-4C70-917B-9236979742B5}.Release|Any CPU.Build.0 = Release|Any CPU
	EndGlobalSection
	GlobalSection(SolutionProperties) = preSolution
		HideSolutionNode = FALSE
	EndGlobalSection
	GlobalSection(ExtensibilityGlobals) = postSolution
		SolutionGuid = {0076E3DD-8C60-4ACC-AA1C-2F21FB45FF68}
	EndGlobalSection
EndGlobal
